
Microsoft Visual Studio Solution File, Format Version 12.00
# Visual Studio Version 17
VisualStudioVersion = 17.0.32014.148
MinimumVisualStudioVersion = 10.0.40219.1
Project("{FAE04EC0-301F-11D3-BF4B-00C04F79EFBC}") = "LenovoApiLibrary", "LenovoApiLibrary\LenovoApiLibrary.csproj", "{C4875470-7CD0-41D1-96A2-7475B706467F}"
EndProject
Project("{FAE04EC0-301F-11D3-BF4B-00C04F79EFBC}") = "LenovoApi", "LenovoApi\LenovoApi.csproj", "{A214FB82-61C2-4CA6-8A5F-7B1D12CF6921}"
EndProject
Global
	GlobalSection(SolutionConfigurationPlatforms) = preSolution
		Debug|Any CPU = Debug|Any CPU
		Release|Any CPU = Release|Any CPU
	EndGlobalSection
	GlobalSection(ProjectConfigurationPlatforms) = postSolution
		{C4875470-7CD0-41D1-96A2-7475B706467F}.Debug|Any CPU.ActiveCfg = Debug|Any CPU
		{C4875470-7CD0-41D1-96A2-7475B706467F}.Debug|Any CPU.Build.0 = Debug|Any CPU
		{C4875470-7CD0-41D1-96A2-7475B706467F}.Release|Any CPU.ActiveCfg = Release|Any CPU
		{C4875470-7CD0-41D1-96A2-7475B706467F}.Release|Any CPU.Build.0 = Release|Any CPU
		{A214FB82-61C2-4CA6-8A5F-7B1D12CF6921}.Debug|Any CPU.ActiveCfg = Debug|Any CPU
		{A214FB82-61C2-4CA6-8A5F-7B1D12CF6921}.Debug|Any CPU.Build.0 = Debug|Any CPU
		{A214FB82-61C2-4CA6-8A5F-7B1D12CF6921}.Release|Any CPU.ActiveCfg = Release|Any CPU
		{A214FB82-61C2-4CA6-8A5F-7B1D12CF6921}.Release|Any CPU.Build.0 = Release|Any CPU
	EndGlobalSection
	GlobalSection(SolutionProperties) = preSolution
		HideSolutionNode = FALSE
	EndGlobalSection
	GlobalSection(ExtensibilityGlobals) = postSolution
		SolutionGuid = {20FB181C-FACE-445A-9EEE-CCDB47857741}
	EndGlobalSection
EndGlobal
